<?xml version="1.0" encoding="utf-8"?>
<Project ToolsVersion="4.0" xmlns="http://schemas.microsoft.com/developer/msbuild/2003">
  <ItemGroup>
    <Filter Include="Source Files">
      <UniqueIdentifier>{4FC737F1-C7A5-4376-A066-2A32D752A2FF}</UniqueIdentifier>
      <Extensions>cpp;c;cc;cxx;def;odl;idl;hpj;bat;asm;asmx</Extensions>
    </Filter>
    <Filter Include="Header Files">
      <UniqueIdentifier>{93995380-89BD-4b04-88EB-625FBE52EBFB}</UniqueIdentifier>
      <Extensions>h;hh;hpp;hxx;hm;inl;inc;ipp;xsd</Extensions>
    </Filter>
    <Filter Include="Resource Files">
      <UniqueIdentifier>{67DA6AB6-F800-4c08-8B7A-83BB121AAD01}</UniqueIdentifier>
      <Extensions>rc;ico;cur;bmp;dlg;rc2;rct;bin;rgs;gif;jpg;jpeg;jpe;resx;tiff;tif;png;wav;mfcribbon-ms</Extensions>
    </Filter>
    <Filter Include="Scenes">
      <UniqueIdentifier>{64840f6e-79b8-47ae-a180-68544d580f69}</UniqueIdentifier>
    </Filter>
    <Filter Include="Game Components">
      <UniqueIdentifier>{6c480e6a-82e7-46c6-b446-af379c753d73}</UniqueIdentifier>
    </Filter>
    <Filter Include="Game Graphics">
      <UniqueIdentifier>{05e72ea9-e883-4751-ae43-dd2978b9420c}</UniqueIdentifier>
    </Filter>
    <Filter Include="Game Objects">
      <UniqueIdentifier>{f49c1f30-2648-4eed-a502-b7cd1d5ffe22}</UniqueIdentifier>
    </Filter>
    <Filter Include="Game Objects\Weapon">
      <UniqueIdentifier>{06967af2-9494-4e2a-8939-244f97182a95}</UniqueIdentifier>
    </Filter>
    <Filter Include="Game Objects\HoldItemObject">
      <UniqueIdentifier>{068e7e00-06db-4980-8627-0604832ce3ad}</UniqueIdentifier>
    </Filter>
    <Filter Include="Game Objects\Item">
      <UniqueIdentifier>{075107b7-3731-4cf7-8a81-dce3fd4971fa}</UniqueIdentifier>
    </Filter>
    <Filter Include="Game Objects\OthetObject">
      <UniqueIdentifier>{e49d3c3f-0211-4a71-bf5c-9489b6a9cd52}</UniqueIdentifier>
    </Filter>
    <Filter Include="Game Objects\Player">
      <UniqueIdentifier>{a4d5c4ad-ffe6-4801-845f-84a10ae4260f}</UniqueIdentifier>
    </Filter>
    <Filter Include="Game Objects\Enemy">
      <UniqueIdentifier>{351f5550-9d9d-4e47-81e8-8dea5f2af891}</UniqueIdentifier>
    </Filter>
    <Filter Include="Game Objects\effect">
      <UniqueIdentifier>{f729b515-6f50-41a7-84f9-ea38478e7906}</UniqueIdentifier>
    </Filter>
  </ItemGroup>
  <ItemGroup>
    <ClCompile Include="debug.cpp">
      <Filter>Source Files</Filter>
    </ClCompile>
    <ClCompile Include="Main.cpp">
      <Filter>Source Files</Filter>
    </ClCompile>
    <ClCompile Include="SceneManager.cpp">
      <Filter>Scenes</Filter>
    </ClCompile>
    <ClCompile Include="PlayScene.cpp">
      <Filter>Scenes</Filter>
    </ClCompile>
    <ClCompile Include="Game.cpp">
      <Filter>Game Components</Filter>
    </ClCompile>
    <ClCompile Include="GameGlobal.cpp">
      <Filter>Game Components</Filter>
    </ClCompile>
    <ClCompile Include="Textures.cpp">
      <Filter>Game Graphics</Filter>
    </ClCompile>
    <ClCompile Include="Simon.cpp">
      <Filter>Game Objects\Player</Filter>
    </ClCompile>
    <ClCompile Include="Animation.cpp">
      <Filter>Game Graphics</Filter>
    </ClCompile>
    <ClCompile Include="Camera.cpp">
      <Filter>Game Components</Filter>
    </ClCompile>
    <ClCompile Include="Sprite.cpp">
      <Filter>Game Graphics</Filter>
    </ClCompile>
    <ClCompile Include="MorningStar.cpp">
      <Filter>Game Objects\Weapon</Filter>
    </ClCompile>
    <ClCompile Include="Dagger.cpp">
      <Filter>Game Objects\Weapon</Filter>
    </ClCompile>
    <ClCompile Include="Item.cpp">
      <Filter>Game Objects\Item</Filter>
    </ClCompile>
    <ClCompile Include="Map.cpp">
      <Filter>Game Graphics</Filter>
    </ClCompile>
    <ClCompile Include="GameObject.cpp">
      <Filter>Game Objects</Filter>
    </ClCompile>
    <ClCompile Include="Animations.cpp">
      <Filter>Game Graphics</Filter>
    </ClCompile>
    <ClCompile Include="Sprites.cpp">
      <Filter>Game Graphics</Filter>
    </ClCompile>
    <ClCompile Include="HoldItemObject.cpp">
      <Filter>Game Objects\HoldItemObject</Filter>
    </ClCompile>
    <ClCompile Include="Maps.cpp">
      <Filter>Game Graphics</Filter>
    </ClCompile>
    <ClCompile Include="Ghost.cpp">
      <Filter>Game Objects\Enemy</Filter>
    </ClCompile>
    <ClCompile Include="Panther.cpp">
      <Filter>Game Objects\Enemy</Filter>
    </ClCompile>
    <ClCompile Include="Holy_water.cpp">
      <Filter>Game Objects\Weapon</Filter>
    </ClCompile>
    <ClCompile Include="Bat.cpp">
      <Filter>Game Objects\Enemy</Filter>
    </ClCompile>
    <ClCompile Include="Fishman.cpp">
      <Filter>Game Objects\Enemy</Filter>
    </ClCompile>
    <ClCompile Include="Special_brick.cpp">
      <Filter>Game Objects\OthetObject</Filter>
    </ClCompile>
    <ClCompile Include="Grid.cpp">
      <Filter>Game Components</Filter>
    </ClCompile>
    <ClCompile Include="listeffect_global.cpp">
      <Filter>Game Objects\effect</Filter>
    </ClCompile>
    <ClCompile Include="Axe.cpp">
      <Filter>Game Objects\Weapon</Filter>
    </ClCompile>
    <ClCompile Include="Enemy_bullet.cpp">
      <Filter>Game Objects\Weapon</Filter>
    </ClCompile>
    <ClCompile Include="Phantom_bat.cpp">
      <Filter>Game Objects\Enemy</Filter>
    </ClCompile>
    <ClCompile Include="Board.cpp">
      <Filter>Game Components</Filter>
    </ClCompile>
    <ClCompile Include="Font.cpp">
      <Filter>Game Components</Filter>
    </ClCompile>
  </ItemGroup>
  <ItemGroup>
    <ClInclude Include="debug.h">
      <Filter>Header Files</Filter>
    </ClInclude>
    <ClInclude Include="Scene.h">
      <Filter>Scenes</Filter>
    </ClInclude>
    <ClInclude Include="SceneManager.h">
      <Filter>Scenes</Filter>
    </ClInclude>
    <ClInclude Include="PlayScene.h">
      <Filter>Scenes</Filter>
    </ClInclude>
    <ClInclude Include="GameGlobal.h">
      <Filter>Game Components</Filter>
    </ClInclude>
    <ClInclude Include="Game.h">
      <Filter>Game Components</Filter>
    </ClInclude>
    <ClInclude Include="Textures.h">
      <Filter>Game Graphics</Filter>
    </ClInclude>
    <ClInclude Include="Simon.h">
      <Filter>Game Objects\Player</Filter>
    </ClInclude>
    <ClInclude Include="MorningStar.h">
      <Filter>Game Objects\Weapon</Filter>
    </ClInclude>
    <ClInclude Include="Animation.h">
      <Filter>Game Graphics</Filter>
    </ClInclude>
    <ClInclude Include="Camera.h">
      <Filter>Game Components</Filter>
    </ClInclude>
    <ClInclude Include="Sprite.h">
      <Filter>Game Graphics</Filter>
    </ClInclude>
    <ClInclude Include="Weapon.h">
      <Filter>Game Objects\Weapon</Filter>
    </ClInclude>
    <ClInclude Include="HoldItemObject.h">
      <Filter>Game Objects\HoldItemObject</Filter>
    </ClInclude>
    <ClInclude Include="Dagger.h">
      <Filter>Game Objects\Weapon</Filter>
    </ClInclude>
    <ClInclude Include="Item.h">
      <Filter>Game Objects\Item</Filter>
    </ClInclude>
    <ClInclude Include="Map.h">
      <Filter>Game Graphics</Filter>
    </ClInclude>
    <ClInclude Include="WeaponsManager.h">
      <Filter>Game Objects\Weapon</Filter>
    </ClInclude>
    <ClInclude Include="GameObject.h">
      <Filter>Game Objects</Filter>
    </ClInclude>
    <ClInclude Include="Brick.h">
      <Filter>Game Objects\OthetObject</Filter>
    </ClInclude>
    <ClInclude Include="Animations.h">
      <Filter>Game Graphics</Filter>
    </ClInclude>
    <ClInclude Include="Sprites.h">
      <Filter>Game Graphics</Filter>
    </ClInclude>
    <ClInclude Include="Maps.h">
      <Filter>Game Graphics</Filter>
    </ClInclude>
    <ClInclude Include="Enemy.h">
      <Filter>Game Objects\Enemy</Filter>
    </ClInclude>
    <ClInclude Include="Ghost.h">
      <Filter>Game Objects\Enemy</Filter>
    </ClInclude>
    <ClInclude Include="Panther.h">
      <Filter>Game Objects\Enemy</Filter>
    </ClInclude>
    <ClInclude Include="Door.h">
      <Filter>Game Objects\OthetObject</Filter>
    </ClInclude>
    <ClInclude Include="Holy_water.h">
      <Filter>Game Objects\Weapon</Filter>
    </ClInclude>
    <ClInclude Include="Bat.h">
      <Filter>Game Objects\Enemy</Filter>
    </ClInclude>
    <ClInclude Include="Fishman.h">
      <Filter>Game Objects\Enemy</Filter>
    </ClInclude>
    <ClInclude Include="Special_brick.h">
      <Filter>Game Objects\OthetObject</Filter>
    </ClInclude>
    <ClInclude Include="Grid.h">
      <Filter>Game Components</Filter>
    </ClInclude>
    <ClInclude Include="invisibleObject.h">
      <Filter>Game Objects\OthetObject</Filter>
    </ClInclude>
    <ClInclude Include="effect.h">
      <Filter>Game Objects\effect</Filter>
    </ClInclude>
    <ClInclude Include="steam.h">
      <Filter>Game Objects\effect</Filter>
    </ClInclude>
    <ClInclude Include="listeffect_global.h">
      <Filter>Game Objects\effect</Filter>
    </ClInclude>
    <ClInclude Include="brokenbrick.h">
      <Filter>Game Objects\effect</Filter>
    </ClInclude>
    <ClInclude Include="money_400.h">
      <Filter>Game Objects\effect</Filter>
    </ClInclude>
    <ClInclude Include="money_700.h">
      <Filter>Game Objects\effect</Filter>
    </ClInclude>
    <ClInclude Include="Axe.h">
      <Filter>Game Objects\Weapon</Filter>
    </ClInclude>
    <ClInclude Include="hit.h">
      <Filter>Game Objects\effect</Filter>
    </ClInclude>
    <ClInclude Include="burn.h">
      <Filter>Game Objects\effect</Filter>
    </ClInclude>
    <ClInclude Include="Enemy_bullet.h">
      <Filter>Game Objects\Weapon</Filter>
    </ClInclude>
    <ClInclude Include="Phantom_bat.h">
      <Filter>Game Objects\Enemy</Filter>
    </ClInclude>
    <ClInclude Include="Board.h">
      <Filter>Game Components</Filter>
    </ClInclude>
    <ClInclude Include="Font.h">
      <Filter>Game Components</Filter>
    </ClInclude>
  </ItemGroup>
</Project>